
Microsoft Visual Studio Solution File, Format Version 12.00
# Visual Studio Version 16
VisualStudioVersion = 16.0.29806.167
MinimumVisualStudioVersion = 10.0.40219.1
Project("{6989167D-11E4-40FE-8C1A-2192A86A7E90}") = "TestFort", "TestFort\TestFort.vfproj", "{84859049-6EDA-4C0B-AF2E-9CEEE130CE5D}"
EndProject
Global
	GlobalSection(SolutionConfigurationPlatforms) = preSolution
		Debug|x86 = Debug|x86
		Release|x86 = Release|x86
	EndGlobalSection
	GlobalSection(ProjectConfigurationPlatforms) = postSolution
		{84859049-6EDA-4C0B-AF2E-9CEEE130CE5D}.Debug|x86.ActiveCfg = Debug|Win32
		{84859049-6EDA-4C0B-AF2E-9CEEE130CE5D}.Debug|x86.Build.0 = Debug|Win32
		{84859049-6EDA-4C0B-AF2E-9CEEE130CE5D}.Release|x86.ActiveCfg = Release|Win32
		{84859049-6EDA-4C0B-AF2E-9CEEE130CE5D}.Release|x86.Build.0 = Release|Win32
	EndGlobalSection
	GlobalSection(SolutionProperties) = preSolution
		HideSolutionNode = FALSE
	EndGlobalSection
	GlobalSection(ExtensibilityGlobals) = postSolution
		SolutionGuid = {C9005F71-FF05-43C5-AB53-7895842C174D}
	EndGlobalSection
EndGlobal
